
Microsoft Visual Studio Solution File, Format Version 12.00
# Visual Studio Version 16
VisualStudioVersion = 16.0.28729.10
MinimumVisualStudioVersion = 10.0.40219.1
Project("{FAE04EC0-301F-11D3-BF4B-00C04F79EFBC}") = "JAJA'S WORD DISPLAY AND COUNTER", "JAJA'S WORD DISPLAY AND COUNTER.csproj", "{2481D4CD-A183-431E-AA47-EC0A9F889812}"
EndProject
Global
	GlobalSection(SolutionConfigurationPlatforms) = preSolution
		Debug|Any CPU = Debug|Any CPU
		Release|Any CPU = Release|Any CPU
	EndGlobalSection
	GlobalSection(ProjectConfigurationPlatforms) = postSolution
		{2481D4CD-A183-431E-AA47-EC0A9F889812}.Debug|Any CPU.ActiveCfg = Debug|Any CPU
		{2481D4CD-A183-431E-AA47-EC0A9F889812}.Debug|Any CPU.Build.0 = Debug|Any CPU
		{2481D4CD-A183-431E-AA47-EC0A9F889812}.Release|Any CPU.ActiveCfg = Release|Any CPU
		{2481D4CD-A183-431E-AA47-EC0A9F889812}.Release|Any CPU.Build.0 = Release|Any CPU
	EndGlobalSection
	GlobalSection(SolutionProperties) = preSolution
		HideSolutionNode = FALSE
	EndGlobalSection
	GlobalSection(ExtensibilityGlobals) = postSolution
		SolutionGuid = {33B5C28A-B66F-4FE2-BB95-E2721649694E}
	EndGlobalSection
EndGlobal
